# This file is autogenerated, do not edit; changes may be undone by the next 'dep ensure'.


[[projects]]
  digest = "1:d867dfa6751c8d7a435821ad3b736310c2ed68945d05b50fb9d23aee0540c8cc"
  name = "github.com/Sirupsen/logrus"
  packages = ["."]
  pruneopts = "UT"
  revision = "3e01752db0189b9157070a0e1668a620f9a85da2"
  version = "v1.0.6"

[[projects]]
  digest = "1:fed1f537c2f1269fe475a8556c393fe466641682d73ef8fd0491cd3aa1e47bad"
  name = "github.com/certifi/gocertifi"
  packages = ["."]
  pruneopts = "UT"
  revision = "deb3ae2ef2610fde3330947281941c562861188b"
  version = "2018.01.18"

[[projects]]
  branch = "master"
  digest = "1:608d0fe1621755354728fbaeef8ada8b4a33001aec88b66c970e641be950d850"
  name = "github.com/getsentry/raven-go"
  packages = ["."]
  pruneopts = "UT"
  revision = "ba97302481f2659d9ae93288e422acb942093b26"

[[projects]]
  branch = "master"
  digest = "1:4b08116de0de75c041bb341686f0b139930f26cb84dfdf7641d435548114181d"
  name = "github.com/globalsign/mgo"
  packages = [
    ".",
    "bson",
    "internal/json",
    "internal/sasl",
    "internal/scram",
  ]
  pruneopts = "UT"
  revision = "113d3961e7311526535a1ef7042196563d442761"

[[projects]]
  digest = "1:9cc76ea3318a9f38443a48d7e64aa2e54bbf7d583418c84dae773b9d4bfe2c8a"
  name = "github.com/leonelquinteros/gotext"
  packages = ["."]
  pruneopts = "UT"
  revision = "92b69ffa4cc0895b83b42f50065e9de5a3c32960"
  version = "v1.3.1"

[[projects]]
  branch = "master"
  digest = "1:550b558c67eb89895c0340dc551de58033d1bfaecbf46f1405d6f0bd03e3fbee"
  name = "github.com/mattn/kinako"
  packages = [
    "ast",
    "parser",
    "vm",
  ]
  pruneopts = "UT"
  revision = "332c0a7e205a29536e672337a4bea6c7a96b04c1"

[[projects]]
  digest = "1:40e195917a951a8bf867cd05de2a46aaf1806c50cf92eebf4c16f78cd196f747"
  name = "github.com/pkg/errors"
  packages = ["."]
  pruneopts = "UT"
  revision = "645ef00459ed84a119197bfb8d8205042c6df63d"
  version = "v0.8.0"

[[projects]]
  digest = "1:274f67cb6fed9588ea2521ecdac05a6d62a8c51c074c1fccc6a49a40ba80e925"
  name = "github.com/satori/go.uuid"
  packages = ["."]
  pruneopts = "UT"
  revision = "f58768cc1a7a7e77a3bd49e98cdd21419399b6a3"
  version = "v1.2.0"

[[projects]]
  branch = "master"
  digest = "1:3f3a05ae0b95893d90b9b3b5afdb79a9b3d96e4e36e099d841ae602e4aca0da8"
  name = "golang.org/x/crypto"
  packages = ["ssh/terminal"]
  pruneopts = "UT"
  revision = "c126467f60eb25f8f27e5a981f32a87e3965053f"

[[projects]]
  branch = "master"
  digest = "1:8742e6e73627b2877c3f723bc1823d5667ec59011242480309dc90fa862512aa"
  name = "golang.org/x/sys"
  packages = [
    "unix",
    "windows",
  ]
  pruneopts = "UT"
  revision = "bd9dbc187b6e1dacfdd2722a87e83093c2d7bd6e"

[[projects]]
  digest = "1:342378ac4dcb378a5448dd723f0784ae519383532f5e70ade24132c4c8693202"
  name = "gopkg.in/yaml.v2"
  packages = ["."]
  pruneopts = "UT"
  revision = "5420a8b6744d3b0345ab293f6fcba19c978f1183"
  version = "v2.2.1"

[solve-meta]
  analyzer-name = "dep"
  analyzer-version = 1
  input-imports = [
    "github.com/Sirupsen/logrus",
    "github.com/getsentry/raven-go",
    "github.com/globalsign/mgo",
    "github.com/globalsign/mgo/bson",
    "github.com/leonelquinteros/gotext",
    "github.com/pkg/errors",
    "github.com/satori/go.uuid",
    "gopkg.in/yaml.v2",
  ]
  solver-name = "gps-cdcl"
  solver-version = 1
